
Microsoft Visual Studio Solution File, Format Version 12.00
# Visual Studio Version 17
VisualStudioVersion = 17.2.32519.379
MinimumVisualStudioVersion = 10.0.40219.1
Project("{FAE04EC0-301F-11D3-BF4B-00C04F79EFBC}") = "CursoWindowsForms", "CursoWindowsForms\CursoWindowsForms.csproj", "{DA2FBC70-F254-4075-96F4-445511EA6C18}"
EndProject
Project("{2150E333-8FDC-42A3-9474-1A3956D46DE8}") = "Itens de Solução", "Itens de Solução", "{1FC10BFD-29CF-4A5C-8E80-A34475BD8431}"
	ProjectSection(SolutionItems) = preProject
		.gitignore = .gitignore
	EndProjectSection
EndProject
Global
	GlobalSection(SolutionConfigurationPlatforms) = preSolution
		Debug|Any CPU = Debug|Any CPU
		Release|Any CPU = Release|Any CPU
	EndGlobalSection
	GlobalSection(ProjectConfigurationPlatforms) = postSolution
		{DA2FBC70-F254-4075-96F4-445511EA6C18}.Debug|Any CPU.ActiveCfg = Debug|Any CPU
		{DA2FBC70-F254-4075-96F4-445511EA6C18}.Debug|Any CPU.Build.0 = Debug|Any CPU
		{DA2FBC70-F254-4075-96F4-445511EA6C18}.Release|Any CPU.ActiveCfg = Release|Any CPU
		{DA2FBC70-F254-4075-96F4-445511EA6C18}.Release|Any CPU.Build.0 = Release|Any CPU
	EndGlobalSection
	GlobalSection(SolutionProperties) = preSolution
		HideSolutionNode = FALSE
	EndGlobalSection
	GlobalSection(ExtensibilityGlobals) = postSolution
		SolutionGuid = {4ED0EEE2-DE52-4DE9-B7E3-5C1F2CEC8517}
	EndGlobalSection
EndGlobal
